
Microsoft Visual Studio Solution File, Format Version 12.00
# Visual Studio Version 16
VisualStudioVersion = 16.0.31702.278
MinimumVisualStudioVersion = 10.0.40219.1
Project("{8BC9CEB8-8B4A-11D0-8D11-00A0C91BC942}") = "homework2_task1", "homework2_task1\homework2_task1.vcxproj", "{2DBE6E2A-E661-4E67-8727-755856EF6163}"
EndProject
Global
	GlobalSection(SolutionConfigurationPlatforms) = preSolution
		Debug|x64 = Debug|x64
		Debug|x86 = Debug|x86
		Release|x64 = Release|x64
		Release|x86 = Release|x86
	EndGlobalSection
	GlobalSection(ProjectConfigurationPlatforms) = postSolution
		{2DBE6E2A-E661-4E67-8727-755856EF6163}.Debug|x64.ActiveCfg = Debug|x64
		{2DBE6E2A-E661-4E67-8727-755856EF6163}.Debug|x64.Build.0 = Debug|x64
		{2DBE6E2A-E661-4E67-8727-755856EF6163}.Debug|x86.ActiveCfg = Debug|Win32
		{2DBE6E2A-E661-4E67-8727-755856EF6163}.Debug|x86.Build.0 = Debug|Win32
		{2DBE6E2A-E661-4E67-8727-755856EF6163}.Release|x64.ActiveCfg = Release|x64
		{2DBE6E2A-E661-4E67-8727-755856EF6163}.Release|x64.Build.0 = Release|x64
		{2DBE6E2A-E661-4E67-8727-755856EF6163}.Release|x86.ActiveCfg = Release|Win32
		{2DBE6E2A-E661-4E67-8727-755856EF6163}.Release|x86.Build.0 = Release|Win32
	EndGlobalSection
	GlobalSection(SolutionProperties) = preSolution
		HideSolutionNode = FALSE
	EndGlobalSection
	GlobalSection(ExtensibilityGlobals) = postSolution
		SolutionGuid = {C12A1B91-ED7A-4002-8DF0-EB69CE3E1594}
	EndGlobalSection
EndGlobal
