
Microsoft Visual Studio Solution File, Format Version 12.00
# Visual Studio Version 16
VisualStudioVersion = 16.0.31702.278
MinimumVisualStudioVersion = 10.0.40219.1
Project("{8BC9CEB8-8B4A-11D0-8D11-00A0C91BC942}") = "homework1_task2", "homework1_task2\homework1_task2.vcxproj", "{AACCB1C9-988C-4F9C-BEAB-FCF11CD5E772}"
EndProject
Global
	GlobalSection(SolutionConfigurationPlatforms) = preSolution
		Debug|x64 = Debug|x64
		Debug|x86 = Debug|x86
		Release|x64 = Release|x64
		Release|x86 = Release|x86
	EndGlobalSection
	GlobalSection(ProjectConfigurationPlatforms) = postSolution
		{AACCB1C9-988C-4F9C-BEAB-FCF11CD5E772}.Debug|x64.ActiveCfg = Debug|x64
		{AACCB1C9-988C-4F9C-BEAB-FCF11CD5E772}.Debug|x64.Build.0 = Debug|x64
		{AACCB1C9-988C-4F9C-BEAB-FCF11CD5E772}.Debug|x86.ActiveCfg = Debug|Win32
		{AACCB1C9-988C-4F9C-BEAB-FCF11CD5E772}.Debug|x86.Build.0 = Debug|Win32
		{AACCB1C9-988C-4F9C-BEAB-FCF11CD5E772}.Release|x64.ActiveCfg = Release|x64
		{AACCB1C9-988C-4F9C-BEAB-FCF11CD5E772}.Release|x64.Build.0 = Release|x64
		{AACCB1C9-988C-4F9C-BEAB-FCF11CD5E772}.Release|x86.ActiveCfg = Release|Win32
		{AACCB1C9-988C-4F9C-BEAB-FCF11CD5E772}.Release|x86.Build.0 = Release|Win32
	EndGlobalSection
	GlobalSection(SolutionProperties) = preSolution
		HideSolutionNode = FALSE
	EndGlobalSection
	GlobalSection(ExtensibilityGlobals) = postSolution
		SolutionGuid = {674E26B2-22C6-4322-87DB-C1EEFB32A445}
	EndGlobalSection
EndGlobal
